
Microsoft Visual Studio Solution File, Format Version 12.00
# Visual Studio Version 17
VisualStudioVersion = 17.11.35303.130
MinimumVisualStudioVersion = 10.0.40219.1
Project("{FAE04EC0-301F-11D3-BF4B-00C04F79EFBC}") = "RapidFireKeys", "RapidFireKeys\RapidFireKeys.csproj", "{469F8D6A-09EA-4A74-A3C6-68EE2A056188}"
EndProject
Global
	GlobalSection(SolutionConfigurationPlatforms) = preSolution
		Debug|Any CPU = Debug|Any CPU
		Release|Any CPU = Release|Any CPU
	EndGlobalSection
	GlobalSection(ProjectConfigurationPlatforms) = postSolution
		{469F8D6A-09EA-4A74-A3C6-68EE2A056188}.Debug|Any CPU.ActiveCfg = Debug|Any CPU
		{469F8D6A-09EA-4A74-A3C6-68EE2A056188}.Debug|Any CPU.Build.0 = Debug|Any CPU
		{469F8D6A-09EA-4A74-A3C6-68EE2A056188}.Release|Any CPU.ActiveCfg = Release|Any CPU
		{469F8D6A-09EA-4A74-A3C6-68EE2A056188}.Release|Any CPU.Build.0 = Release|Any CPU
	EndGlobalSection
	GlobalSection(SolutionProperties) = preSolution
		HideSolutionNode = FALSE
	EndGlobalSection
	GlobalSection(ExtensibilityGlobals) = postSolution
		SolutionGuid = {9CA2499F-C71C-4C50-98CC-B258C46FA646}
	EndGlobalSection
EndGlobal
